
Microsoft Visual Studio Solution File, Format Version 12.00
# Visual Studio Version 17
VisualStudioVersion = 17.5.002.0
MinimumVisualStudioVersion = 10.0.40219.1
Project("{2150E333-8FDC-42A3-9474-1A3956D46DE8}") = "demo", "demo", "{E2DE2BDE-0F90-46C5-92AD-B8F250EB678E}"
EndProject
Project("{9A19103F-16F7-4668-BE54-9A1E7A4F7556}") = "EmailServiceBll", "demo\EmailServiceBll\EmailServiceBll.csproj", "{C950BE39-2C36-4AB6-BA3D-28F8A95F50D1}"
EndProject
Project("{9A19103F-16F7-4668-BE54-9A1E7A4F7556}") = "EmailServiceDal", "demo\EmailServiceDal\EmailServiceDal.csproj", "{60B55588-D746-46FE-B5C6-9B8CEB6E1F9C}"
EndProject
Project("{9A19103F-16F7-4668-BE54-9A1E7A4F7556}") = "EmailServiceModel", "demo\EmailServiceModel\EmailServiceModel.csproj", "{40C63577-0DBD-4A5A-877E-6F1B91AB0EC5}"
EndProject
Project("{9A19103F-16F7-4668-BE54-9A1E7A4F7556}") = "EmailSystem", "demo\EmailSystem\EmailSystem.csproj", "{099BEC0F-8AA9-4FD9-9001-F214E6C95C86}"
EndProject
Project("{9A19103F-16F7-4668-BE54-9A1E7A4F7556}") = "IEmailServiceDal", "demo\IEmailServiceDal\IEmailServiceDal.csproj", "{B9373088-C649-4425-95C3-9C0E1AB72A83}"
EndProject
Project("{2150E333-8FDC-42A3-9474-1A3956D46DE8}") = "src", "src", "{976082ED-656F-4C11-97C6-B3CF9527982E}"
EndProject
Project("{9A19103F-16F7-4668-BE54-9A1E7A4F7556}") = "Aoxe.Email.Abstractions", "src\Aoxe.Email.Abstractions\Aoxe.Email.Abstractions.csproj", "{66DCA399-0EC6-4282-8A85-8EBCAA92E72C}"
EndProject
Project("{2150E333-8FDC-42A3-9474-1A3956D46DE8}") = "tests", "tests", "{47D81688-6D6E-4B11-B417-8205406538F7}"
EndProject
Project("{9A19103F-16F7-4668-BE54-9A1E7A4F7556}") = "Aoxe.Email.Abstractions.TestProject", "tests\Aoxe.Email.Abstractions.TestProject\Aoxe.Email.Abstractions.TestProject.csproj", "{42036A9A-676F-42D8-9830-3A8E0D7C0EA9}"
EndProject
Project("{9A19103F-16F7-4668-BE54-9A1E7A4F7556}") = "Aoxe.Email.TestProject", "tests\Aoxe.Email.TestProject\Aoxe.Email.TestProject.csproj", "{BADAD7C7-1BCE-4BF5-BC54-24655C1F8013}"
EndProject
Project("{2150E333-8FDC-42A3-9474-1A3956D46DE8}") = "Aoxe.Aws.SimpleEmail", "Aoxe.Aws.SimpleEmail", "{97A469CA-0D14-45BD-BEBD-B5076D5AA6A5}"
EndProject
Project("{9A19103F-16F7-4668-BE54-9A1E7A4F7556}") = "Aoxe.Aws.SimpleEmail", "src\Aoxe.Aws.SimpleEmail\Aoxe.Aws.SimpleEmail\Aoxe.Aws.SimpleEmail.csproj", "{AA80BCD1-C9DA-4C7E-818E-A80682777200}"
EndProject
Project("{9A19103F-16F7-4668-BE54-9A1E7A4F7556}") = "Aoxe.Aws.SimpleEmail.Provider", "src\Aoxe.Aws.SimpleEmail\Aoxe.Aws.SimpleEmail.Provider\Aoxe.Aws.SimpleEmail.Provider.csproj", "{5DA165FC-D88B-4BA1-B5AC-8022837FF273}"
EndProject
Project("{2150E333-8FDC-42A3-9474-1A3956D46DE8}") = "Aoxe.Azure.Email", "Aoxe.Azure.Email", "{B5882653-5F67-4036-A7C3-38B3BA8AF235}"
EndProject
Project("{9A19103F-16F7-4668-BE54-9A1E7A4F7556}") = "Aoxe.Azure.Email", "src\Aoxe.Azure.Email\Aoxe.Azure.Email\Aoxe.Azure.Email.csproj", "{49CA165A-05D5-4769-81AD-348CD7DF8CAD}"
EndProject
Project("{9A19103F-16F7-4668-BE54-9A1E7A4F7556}") = "Aoxe.Azure.Email.Provider", "src\Aoxe.Azure.Email\Aoxe.Azure.Email.Provider\Aoxe.Azure.Email.Provider.csproj", "{37626B50-3FEE-48E1-A64F-6FEE13C4F11E}"
EndProject
Project("{2150E333-8FDC-42A3-9474-1A3956D46DE8}") = "Aoxe.MailKit", "Aoxe.MailKit", "{D6977456-084B-4A13-AD14-A2854E591F97}"
EndProject
Project("{9A19103F-16F7-4668-BE54-9A1E7A4F7556}") = "Aoxe.MailKit", "src\Aoxe.MailKit\Aoxe.MailKit\Aoxe.MailKit.csproj", "{8A71CF70-8ACB-4B25-848E-2E34986AA39A}"
EndProject
Project("{9A19103F-16F7-4668-BE54-9A1E7A4F7556}") = "Aoxe.MailKit.Provider", "src\Aoxe.MailKit\Aoxe.MailKit.Provider\Aoxe.MailKit.Provider.csproj", "{4D643E68-E702-44D7-BA1A-3354CCE186D1}"
EndProject
Project("{2150E333-8FDC-42A3-9474-1A3956D46DE8}") = "Aoxe.SmtpClient", "Aoxe.SmtpClient", "{79CDB0D0-EA1A-4FC2-A5AB-E1F6EF185711}"
EndProject
Project("{9A19103F-16F7-4668-BE54-9A1E7A4F7556}") = "Aoxe.SmtpClient", "src\Aoxe.SmtpClient\Aoxe.SmtpClient\Aoxe.SmtpClient.csproj", "{438FAF32-C1F2-4231-8E65-17D51F4BC0D9}"
EndProject
Project("{9A19103F-16F7-4668-BE54-9A1E7A4F7556}") = "Aoxe.SmtpClient.Provider", "src\Aoxe.SmtpClient\Aoxe.SmtpClient.Provider\Aoxe.SmtpClient.Provider.csproj", "{CB2B28CF-035D-476E-BD7D-3BCA52398F15}"
EndProject
Global
	GlobalSection(SolutionConfigurationPlatforms) = preSolution
		Debug|Any CPU = Debug|Any CPU
		Release|Any CPU = Release|Any CPU
	EndGlobalSection
	GlobalSection(ProjectConfigurationPlatforms) = postSolution
		{C950BE39-2C36-4AB6-BA3D-28F8A95F50D1}.Debug|Any CPU.ActiveCfg = Debug|Any CPU
		{C950BE39-2C36-4AB6-BA3D-28F8A95F50D1}.Debug|Any CPU.Build.0 = Debug|Any CPU
		{C950BE39-2C36-4AB6-BA3D-28F8A95F50D1}.Release|Any CPU.ActiveCfg = Release|Any CPU
		{C950BE39-2C36-4AB6-BA3D-28F8A95F50D1}.Release|Any CPU.Build.0 = Release|Any CPU
		{60B55588-D746-46FE-B5C6-9B8CEB6E1F9C}.Debug|Any CPU.ActiveCfg = Debug|Any CPU
		{60B55588-D746-46FE-B5C6-9B8CEB6E1F9C}.Debug|Any CPU.Build.0 = Debug|Any CPU
		{60B55588-D746-46FE-B5C6-9B8CEB6E1F9C}.Release|Any CPU.ActiveCfg = Release|Any CPU
		{60B55588-D746-46FE-B5C6-9B8CEB6E1F9C}.Release|Any CPU.Build.0 = Release|Any CPU
		{40C63577-0DBD-4A5A-877E-6F1B91AB0EC5}.Debug|Any CPU.ActiveCfg = Debug|Any CPU
		{40C63577-0DBD-4A5A-877E-6F1B91AB0EC5}.Debug|Any CPU.Build.0 = Debug|Any CPU
		{40C63577-0DBD-4A5A-877E-6F1B91AB0EC5}.Release|Any CPU.ActiveCfg = Release|Any CPU
		{40C63577-0DBD-4A5A-877E-6F1B91AB0EC5}.Release|Any CPU.Build.0 = Release|Any CPU
		{099BEC0F-8AA9-4FD9-9001-F214E6C95C86}.Debug|Any CPU.ActiveCfg = Debug|Any CPU
		{099BEC0F-8AA9-4FD9-9001-F214E6C95C86}.Debug|Any CPU.Build.0 = Debug|Any CPU
		{099BEC0F-8AA9-4FD9-9001-F214E6C95C86}.Release|Any CPU.ActiveCfg = Release|Any CPU
		{099BEC0F-8AA9-4FD9-9001-F214E6C95C86}.Release|Any CPU.Build.0 = Release|Any CPU
		{B9373088-C649-4425-95C3-9C0E1AB72A83}.Debug|Any CPU.ActiveCfg = Debug|Any CPU
		{B9373088-C649-4425-95C3-9C0E1AB72A83}.Debug|Any CPU.Build.0 = Debug|Any CPU
		{B9373088-C649-4425-95C3-9C0E1AB72A83}.Release|Any CPU.ActiveCfg = Release|Any CPU
		{B9373088-C649-4425-95C3-9C0E1AB72A83}.Release|Any CPU.Build.0 = Release|Any CPU
		{66DCA399-0EC6-4282-8A85-8EBCAA92E72C}.Debug|Any CPU.ActiveCfg = Debug|Any CPU
		{66DCA399-0EC6-4282-8A85-8EBCAA92E72C}.Debug|Any CPU.Build.0 = Debug|Any CPU
		{66DCA399-0EC6-4282-8A85-8EBCAA92E72C}.Release|Any CPU.ActiveCfg = Release|Any CPU
		{66DCA399-0EC6-4282-8A85-8EBCAA92E72C}.Release|Any CPU.Build.0 = Release|Any CPU
		{42036A9A-676F-42D8-9830-3A8E0D7C0EA9}.Debug|Any CPU.ActiveCfg = Debug|Any CPU
		{42036A9A-676F-42D8-9830-3A8E0D7C0EA9}.Debug|Any CPU.Build.0 = Debug|Any CPU
		{42036A9A-676F-42D8-9830-3A8E0D7C0EA9}.Release|Any CPU.ActiveCfg = Release|Any CPU
		{42036A9A-676F-42D8-9830-3A8E0D7C0EA9}.Release|Any CPU.Build.0 = Release|Any CPU
		{BADAD7C7-1BCE-4BF5-BC54-24655C1F8013}.Debug|Any CPU.ActiveCfg = Debug|Any CPU
		{BADAD7C7-1BCE-4BF5-BC54-24655C1F8013}.Debug|Any CPU.Build.0 = Debug|Any CPU
		{BADAD7C7-1BCE-4BF5-BC54-24655C1F8013}.Release|Any CPU.ActiveCfg = Release|Any CPU
		{BADAD7C7-1BCE-4BF5-BC54-24655C1F8013}.Release|Any CPU.Build.0 = Release|Any CPU
		{AA80BCD1-C9DA-4C7E-818E-A80682777200}.Debug|Any CPU.ActiveCfg = Debug|Any CPU
		{AA80BCD1-C9DA-4C7E-818E-A80682777200}.Debug|Any CPU.Build.0 = Debug|Any CPU
		{AA80BCD1-C9DA-4C7E-818E-A80682777200}.Release|Any CPU.ActiveCfg = Release|Any CPU
		{AA80BCD1-C9DA-4C7E-818E-A80682777200}.Release|Any CPU.Build.0 = Release|Any CPU
		{5DA165FC-D88B-4BA1-B5AC-8022837FF273}.Debug|Any CPU.ActiveCfg = Debug|Any CPU
		{5DA165FC-D88B-4BA1-B5AC-8022837FF273}.Debug|Any CPU.Build.0 = Debug|Any CPU
		{5DA165FC-D88B-4BA1-B5AC-8022837FF273}.Release|Any CPU.ActiveCfg = Release|Any CPU
		{5DA165FC-D88B-4BA1-B5AC-8022837FF273}.Release|Any CPU.Build.0 = Release|Any CPU
		{49CA165A-05D5-4769-81AD-348CD7DF8CAD}.Debug|Any CPU.ActiveCfg = Debug|Any CPU
		{49CA165A-05D5-4769-81AD-348CD7DF8CAD}.Debug|Any CPU.Build.0 = Debug|Any CPU
		{49CA165A-05D5-4769-81AD-348CD7DF8CAD}.Release|Any CPU.ActiveCfg = Release|Any CPU
		{49CA165A-05D5-4769-81AD-348CD7DF8CAD}.Release|Any CPU.Build.0 = Release|Any CPU
		{37626B50-3FEE-48E1-A64F-6FEE13C4F11E}.Debug|Any CPU.ActiveCfg = Debug|Any CPU
		{37626B50-3FEE-48E1-A64F-6FEE13C4F11E}.Debug|Any CPU.Build.0 = Debug|Any CPU
		{37626B50-3FEE-48E1-A64F-6FEE13C4F11E}.Release|Any CPU.ActiveCfg = Release|Any CPU
		{37626B50-3FEE-48E1-A64F-6FEE13C4F11E}.Release|Any CPU.Build.0 = Release|Any CPU
		{8A71CF70-8ACB-4B25-848E-2E34986AA39A}.Debug|Any CPU.ActiveCfg = Debug|Any CPU
		{8A71CF70-8ACB-4B25-848E-2E34986AA39A}.Debug|Any CPU.Build.0 = Debug|Any CPU
		{8A71CF70-8ACB-4B25-848E-2E34986AA39A}.Release|Any CPU.ActiveCfg = Release|Any CPU
		{8A71CF70-8ACB-4B25-848E-2E34986AA39A}.Release|Any CPU.Build.0 = Release|Any CPU
		{4D643E68-E702-44D7-BA1A-3354CCE186D1}.Debug|Any CPU.ActiveCfg = Debug|Any CPU
		{4D643E68-E702-44D7-BA1A-3354CCE186D1}.Debug|Any CPU.Build.0 = Debug|Any CPU
		{4D643E68-E702-44D7-BA1A-3354CCE186D1}.Release|Any CPU.ActiveCfg = Release|Any CPU
		{4D643E68-E702-44D7-BA1A-3354CCE186D1}.Release|Any CPU.Build.0 = Release|Any CPU
		{438FAF32-C1F2-4231-8E65-17D51F4BC0D9}.Debug|Any CPU.ActiveCfg = Debug|Any CPU
		{438FAF32-C1F2-4231-8E65-17D51F4BC0D9}.Debug|Any CPU.Build.0 = Debug|Any CPU
		{438FAF32-C1F2-4231-8E65-17D51F4BC0D9}.Release|Any CPU.ActiveCfg = Release|Any CPU
		{438FAF32-C1F2-4231-8E65-17D51F4BC0D9}.Release|Any CPU.Build.0 = Release|Any CPU
		{CB2B28CF-035D-476E-BD7D-3BCA52398F15}.Debug|Any CPU.ActiveCfg = Debug|Any CPU
		{CB2B28CF-035D-476E-BD7D-3BCA52398F15}.Debug|Any CPU.Build.0 = Debug|Any CPU
		{CB2B28CF-035D-476E-BD7D-3BCA52398F15}.Release|Any CPU.ActiveCfg = Release|Any CPU
		{CB2B28CF-035D-476E-BD7D-3BCA52398F15}.Release|Any CPU.Build.0 = Release|Any CPU
	EndGlobalSection
	GlobalSection(SolutionProperties) = preSolution
		HideSolutionNode = FALSE
	EndGlobalSection
	GlobalSection(NestedProjects) = preSolution
		{C950BE39-2C36-4AB6-BA3D-28F8A95F50D1} = {E2DE2BDE-0F90-46C5-92AD-B8F250EB678E}
		{60B55588-D746-46FE-B5C6-9B8CEB6E1F9C} = {E2DE2BDE-0F90-46C5-92AD-B8F250EB678E}
		{40C63577-0DBD-4A5A-877E-6F1B91AB0EC5} = {E2DE2BDE-0F90-46C5-92AD-B8F250EB678E}
		{099BEC0F-8AA9-4FD9-9001-F214E6C95C86} = {E2DE2BDE-0F90-46C5-92AD-B8F250EB678E}
		{B9373088-C649-4425-95C3-9C0E1AB72A83} = {E2DE2BDE-0F90-46C5-92AD-B8F250EB678E}
		{66DCA399-0EC6-4282-8A85-8EBCAA92E72C} = {976082ED-656F-4C11-97C6-B3CF9527982E}
		{42036A9A-676F-42D8-9830-3A8E0D7C0EA9} = {47D81688-6D6E-4B11-B417-8205406538F7}
		{BADAD7C7-1BCE-4BF5-BC54-24655C1F8013} = {47D81688-6D6E-4B11-B417-8205406538F7}
		{97A469CA-0D14-45BD-BEBD-B5076D5AA6A5} = {976082ED-656F-4C11-97C6-B3CF9527982E}
		{AA80BCD1-C9DA-4C7E-818E-A80682777200} = {97A469CA-0D14-45BD-BEBD-B5076D5AA6A5}
		{5DA165FC-D88B-4BA1-B5AC-8022837FF273} = {97A469CA-0D14-45BD-BEBD-B5076D5AA6A5}
		{B5882653-5F67-4036-A7C3-38B3BA8AF235} = {976082ED-656F-4C11-97C6-B3CF9527982E}
		{49CA165A-05D5-4769-81AD-348CD7DF8CAD} = {B5882653-5F67-4036-A7C3-38B3BA8AF235}
		{37626B50-3FEE-48E1-A64F-6FEE13C4F11E} = {B5882653-5F67-4036-A7C3-38B3BA8AF235}
		{D6977456-084B-4A13-AD14-A2854E591F97} = {976082ED-656F-4C11-97C6-B3CF9527982E}
		{8A71CF70-8ACB-4B25-848E-2E34986AA39A} = {D6977456-084B-4A13-AD14-A2854E591F97}
		{4D643E68-E702-44D7-BA1A-3354CCE186D1} = {D6977456-084B-4A13-AD14-A2854E591F97}
		{79CDB0D0-EA1A-4FC2-A5AB-E1F6EF185711} = {976082ED-656F-4C11-97C6-B3CF9527982E}
		{438FAF32-C1F2-4231-8E65-17D51F4BC0D9} = {79CDB0D0-EA1A-4FC2-A5AB-E1F6EF185711}
		{CB2B28CF-035D-476E-BD7D-3BCA52398F15} = {79CDB0D0-EA1A-4FC2-A5AB-E1F6EF185711}
	EndGlobalSection
	GlobalSection(ExtensibilityGlobals) = postSolution
		SolutionGuid = {B11AC312-3F74-4CA4-B28E-97FD11B267C2}
	EndGlobalSection
EndGlobal
