
Microsoft Visual Studio Solution File, Format Version 12.00
# Visual Studio Version 17
VisualStudioVersion = 17.5.002.0
MinimumVisualStudioVersion = 10.0.40219.1
Project("{2150E333-8FDC-42A3-9474-1A3956D46DE8}") = "demo", "demo", "{A4D6D6DF-B971-475F-8787-A8E695EB0E19}"
EndProject
Project("{9A19103F-16F7-4668-BE54-9A1E7A4F7556}") = "EmailServiceBll", "demo\EmailServiceBll\EmailServiceBll.csproj", "{47AE135D-7938-4DB9-895C-D7FABFF3373E}"
EndProject
Project("{9A19103F-16F7-4668-BE54-9A1E7A4F7556}") = "EmailServiceDal", "demo\EmailServiceDal\EmailServiceDal.csproj", "{F2825848-0DC2-4742-B649-7E9D6B375131}"
EndProject
Project("{9A19103F-16F7-4668-BE54-9A1E7A4F7556}") = "EmailServiceModel", "demo\EmailServiceModel\EmailServiceModel.csproj", "{5CF80868-4917-4B30-B8A4-C365403BA234}"
EndProject
Project("{9A19103F-16F7-4668-BE54-9A1E7A4F7556}") = "EmailSystem", "demo\EmailSystem\EmailSystem.csproj", "{B3D4B148-6282-408B-86E4-BFAEF37D93A2}"
EndProject
Project("{9A19103F-16F7-4668-BE54-9A1E7A4F7556}") = "IEmailServiceDal", "demo\IEmailServiceDal\IEmailServiceDal.csproj", "{2A2CBD4B-A641-46D0-9A38-38956C14FE2F}"
EndProject
Project("{2150E333-8FDC-42A3-9474-1A3956D46DE8}") = "src", "src", "{2E4C0EE0-3C48-4AC9-A47D-F9DEA341EC57}"
EndProject
Project("{9A19103F-16F7-4668-BE54-9A1E7A4F7556}") = "Aoxe.Email.Abstractions", "src\Aoxe.Email.Abstractions\Aoxe.Email.Abstractions.csproj", "{4694F65A-F1F6-4AE8-BDD2-D6F88ACDA2C8}"
EndProject
Project("{2150E333-8FDC-42A3-9474-1A3956D46DE8}") = "tests", "tests", "{FD20FF0B-2499-4560-811D-9AD9FEE13353}"
EndProject
Project("{9A19103F-16F7-4668-BE54-9A1E7A4F7556}") = "Aoxe.Email.Abstractions.TestProject", "tests\Aoxe.Email.Abstractions.TestProject\Aoxe.Email.Abstractions.TestProject.csproj", "{537CC2FE-B5AF-4E47-8DE3-BEA25D49E207}"
EndProject
Project("{9A19103F-16F7-4668-BE54-9A1E7A4F7556}") = "Aoxe.Email.TestProject", "tests\Aoxe.Email.TestProject\Aoxe.Email.TestProject.csproj", "{26E2F1BE-7808-4E58-8C58-B69C5736AA93}"
EndProject
Project("{2150E333-8FDC-42A3-9474-1A3956D46DE8}") = "Aoxe.Aws.SimpleEmail", "Aoxe.Aws.SimpleEmail", "{5295E870-A07E-4F8B-8855-EF3488F24819}"
EndProject
Project("{9A19103F-16F7-4668-BE54-9A1E7A4F7556}") = "Aoxe.Aws.SimpleEmail", "src\Aoxe.Aws.SimpleEmail\Aoxe.Aws.SimpleEmail\Aoxe.Aws.SimpleEmail.csproj", "{51F864DA-0AE2-4C21-9127-9AEC5E2ECDC6}"
EndProject
Project("{9A19103F-16F7-4668-BE54-9A1E7A4F7556}") = "Aoxe.Aws.SimpleEmail.Provider", "src\Aoxe.Aws.SimpleEmail\Aoxe.Aws.SimpleEmail.Provider\Aoxe.Aws.SimpleEmail.Provider.csproj", "{41F823EC-41EE-4F51-B31E-EC380FE64BC9}"
EndProject
Project("{2150E333-8FDC-42A3-9474-1A3956D46DE8}") = "Aoxe.Azure.Email", "Aoxe.Azure.Email", "{93D1614C-2BEA-4316-9F64-1167A3BFEE4C}"
EndProject
Project("{9A19103F-16F7-4668-BE54-9A1E7A4F7556}") = "Aoxe.Azure.Email", "src\Aoxe.Azure.Email\Aoxe.Azure.Email\Aoxe.Azure.Email.csproj", "{6A6BC378-A73E-4E0A-B143-03A03ECA076E}"
EndProject
Project("{9A19103F-16F7-4668-BE54-9A1E7A4F7556}") = "Aoxe.Azure.Email.Provider", "src\Aoxe.Azure.Email\Aoxe.Azure.Email.Provider\Aoxe.Azure.Email.Provider.csproj", "{9856AE6D-E2C4-4B01-8BDF-1784707E42D4}"
EndProject
Project("{2150E333-8FDC-42A3-9474-1A3956D46DE8}") = "Aoxe.MailKit", "Aoxe.MailKit", "{7000233A-1263-4DF4-AE3D-31644965C4DA}"
EndProject
Project("{9A19103F-16F7-4668-BE54-9A1E7A4F7556}") = "Aoxe.MailKit", "src\Aoxe.MailKit\Aoxe.MailKit\Aoxe.MailKit.csproj", "{FE995CE9-91FE-4F86-B219-811F652A14C1}"
EndProject
Project("{9A19103F-16F7-4668-BE54-9A1E7A4F7556}") = "Aoxe.MailKit.Provider", "src\Aoxe.MailKit\Aoxe.MailKit.Provider\Aoxe.MailKit.Provider.csproj", "{92612FF5-DA7C-46F9-8312-E691923E6C23}"
EndProject
Project("{2150E333-8FDC-42A3-9474-1A3956D46DE8}") = "Aoxe.SmtpClient", "Aoxe.SmtpClient", "{68BC9864-A4F9-4B9A-B4CC-58EC6D53BFFE}"
EndProject
Project("{9A19103F-16F7-4668-BE54-9A1E7A4F7556}") = "Aoxe.SmtpClient", "src\Aoxe.SmtpClient\Aoxe.SmtpClient\Aoxe.SmtpClient.csproj", "{B3088E23-4536-4396-8D58-E4A232D95588}"
EndProject
Project("{9A19103F-16F7-4668-BE54-9A1E7A4F7556}") = "Aoxe.SmtpClient.Provider", "src\Aoxe.SmtpClient\Aoxe.SmtpClient.Provider\Aoxe.SmtpClient.Provider.csproj", "{0F3600F7-1AC8-4AA9-931C-5CCD6615EE2B}"
EndProject
Global
	GlobalSection(SolutionConfigurationPlatforms) = preSolution
		Debug|Any CPU = Debug|Any CPU
		Release|Any CPU = Release|Any CPU
	EndGlobalSection
	GlobalSection(ProjectConfigurationPlatforms) = postSolution
		{47AE135D-7938-4DB9-895C-D7FABFF3373E}.Debug|Any CPU.ActiveCfg = Debug|Any CPU
		{47AE135D-7938-4DB9-895C-D7FABFF3373E}.Debug|Any CPU.Build.0 = Debug|Any CPU
		{47AE135D-7938-4DB9-895C-D7FABFF3373E}.Release|Any CPU.ActiveCfg = Release|Any CPU
		{47AE135D-7938-4DB9-895C-D7FABFF3373E}.Release|Any CPU.Build.0 = Release|Any CPU
		{F2825848-0DC2-4742-B649-7E9D6B375131}.Debug|Any CPU.ActiveCfg = Debug|Any CPU
		{F2825848-0DC2-4742-B649-7E9D6B375131}.Debug|Any CPU.Build.0 = Debug|Any CPU
		{F2825848-0DC2-4742-B649-7E9D6B375131}.Release|Any CPU.ActiveCfg = Release|Any CPU
		{F2825848-0DC2-4742-B649-7E9D6B375131}.Release|Any CPU.Build.0 = Release|Any CPU
		{5CF80868-4917-4B30-B8A4-C365403BA234}.Debug|Any CPU.ActiveCfg = Debug|Any CPU
		{5CF80868-4917-4B30-B8A4-C365403BA234}.Debug|Any CPU.Build.0 = Debug|Any CPU
		{5CF80868-4917-4B30-B8A4-C365403BA234}.Release|Any CPU.ActiveCfg = Release|Any CPU
		{5CF80868-4917-4B30-B8A4-C365403BA234}.Release|Any CPU.Build.0 = Release|Any CPU
		{B3D4B148-6282-408B-86E4-BFAEF37D93A2}.Debug|Any CPU.ActiveCfg = Debug|Any CPU
		{B3D4B148-6282-408B-86E4-BFAEF37D93A2}.Debug|Any CPU.Build.0 = Debug|Any CPU
		{B3D4B148-6282-408B-86E4-BFAEF37D93A2}.Release|Any CPU.ActiveCfg = Release|Any CPU
		{B3D4B148-6282-408B-86E4-BFAEF37D93A2}.Release|Any CPU.Build.0 = Release|Any CPU
		{2A2CBD4B-A641-46D0-9A38-38956C14FE2F}.Debug|Any CPU.ActiveCfg = Debug|Any CPU
		{2A2CBD4B-A641-46D0-9A38-38956C14FE2F}.Debug|Any CPU.Build.0 = Debug|Any CPU
		{2A2CBD4B-A641-46D0-9A38-38956C14FE2F}.Release|Any CPU.ActiveCfg = Release|Any CPU
		{2A2CBD4B-A641-46D0-9A38-38956C14FE2F}.Release|Any CPU.Build.0 = Release|Any CPU
		{4694F65A-F1F6-4AE8-BDD2-D6F88ACDA2C8}.Debug|Any CPU.ActiveCfg = Debug|Any CPU
		{4694F65A-F1F6-4AE8-BDD2-D6F88ACDA2C8}.Debug|Any CPU.Build.0 = Debug|Any CPU
		{4694F65A-F1F6-4AE8-BDD2-D6F88ACDA2C8}.Release|Any CPU.ActiveCfg = Release|Any CPU
		{4694F65A-F1F6-4AE8-BDD2-D6F88ACDA2C8}.Release|Any CPU.Build.0 = Release|Any CPU
		{537CC2FE-B5AF-4E47-8DE3-BEA25D49E207}.Debug|Any CPU.ActiveCfg = Debug|Any CPU
		{537CC2FE-B5AF-4E47-8DE3-BEA25D49E207}.Debug|Any CPU.Build.0 = Debug|Any CPU
		{537CC2FE-B5AF-4E47-8DE3-BEA25D49E207}.Release|Any CPU.ActiveCfg = Release|Any CPU
		{537CC2FE-B5AF-4E47-8DE3-BEA25D49E207}.Release|Any CPU.Build.0 = Release|Any CPU
		{26E2F1BE-7808-4E58-8C58-B69C5736AA93}.Debug|Any CPU.ActiveCfg = Debug|Any CPU
		{26E2F1BE-7808-4E58-8C58-B69C5736AA93}.Debug|Any CPU.Build.0 = Debug|Any CPU
		{26E2F1BE-7808-4E58-8C58-B69C5736AA93}.Release|Any CPU.ActiveCfg = Release|Any CPU
		{26E2F1BE-7808-4E58-8C58-B69C5736AA93}.Release|Any CPU.Build.0 = Release|Any CPU
		{51F864DA-0AE2-4C21-9127-9AEC5E2ECDC6}.Debug|Any CPU.ActiveCfg = Debug|Any CPU
		{51F864DA-0AE2-4C21-9127-9AEC5E2ECDC6}.Debug|Any CPU.Build.0 = Debug|Any CPU
		{51F864DA-0AE2-4C21-9127-9AEC5E2ECDC6}.Release|Any CPU.ActiveCfg = Release|Any CPU
		{51F864DA-0AE2-4C21-9127-9AEC5E2ECDC6}.Release|Any CPU.Build.0 = Release|Any CPU
		{41F823EC-41EE-4F51-B31E-EC380FE64BC9}.Debug|Any CPU.ActiveCfg = Debug|Any CPU
		{41F823EC-41EE-4F51-B31E-EC380FE64BC9}.Debug|Any CPU.Build.0 = Debug|Any CPU
		{41F823EC-41EE-4F51-B31E-EC380FE64BC9}.Release|Any CPU.ActiveCfg = Release|Any CPU
		{41F823EC-41EE-4F51-B31E-EC380FE64BC9}.Release|Any CPU.Build.0 = Release|Any CPU
		{6A6BC378-A73E-4E0A-B143-03A03ECA076E}.Debug|Any CPU.ActiveCfg = Debug|Any CPU
		{6A6BC378-A73E-4E0A-B143-03A03ECA076E}.Debug|Any CPU.Build.0 = Debug|Any CPU
		{6A6BC378-A73E-4E0A-B143-03A03ECA076E}.Release|Any CPU.ActiveCfg = Release|Any CPU
		{6A6BC378-A73E-4E0A-B143-03A03ECA076E}.Release|Any CPU.Build.0 = Release|Any CPU
		{9856AE6D-E2C4-4B01-8BDF-1784707E42D4}.Debug|Any CPU.ActiveCfg = Debug|Any CPU
		{9856AE6D-E2C4-4B01-8BDF-1784707E42D4}.Debug|Any CPU.Build.0 = Debug|Any CPU
		{9856AE6D-E2C4-4B01-8BDF-1784707E42D4}.Release|Any CPU.ActiveCfg = Release|Any CPU
		{9856AE6D-E2C4-4B01-8BDF-1784707E42D4}.Release|Any CPU.Build.0 = Release|Any CPU
		{FE995CE9-91FE-4F86-B219-811F652A14C1}.Debug|Any CPU.ActiveCfg = Debug|Any CPU
		{FE995CE9-91FE-4F86-B219-811F652A14C1}.Debug|Any CPU.Build.0 = Debug|Any CPU
		{FE995CE9-91FE-4F86-B219-811F652A14C1}.Release|Any CPU.ActiveCfg = Release|Any CPU
		{FE995CE9-91FE-4F86-B219-811F652A14C1}.Release|Any CPU.Build.0 = Release|Any CPU
		{92612FF5-DA7C-46F9-8312-E691923E6C23}.Debug|Any CPU.ActiveCfg = Debug|Any CPU
		{92612FF5-DA7C-46F9-8312-E691923E6C23}.Debug|Any CPU.Build.0 = Debug|Any CPU
		{92612FF5-DA7C-46F9-8312-E691923E6C23}.Release|Any CPU.ActiveCfg = Release|Any CPU
		{92612FF5-DA7C-46F9-8312-E691923E6C23}.Release|Any CPU.Build.0 = Release|Any CPU
		{B3088E23-4536-4396-8D58-E4A232D95588}.Debug|Any CPU.ActiveCfg = Debug|Any CPU
		{B3088E23-4536-4396-8D58-E4A232D95588}.Debug|Any CPU.Build.0 = Debug|Any CPU
		{B3088E23-4536-4396-8D58-E4A232D95588}.Release|Any CPU.ActiveCfg = Release|Any CPU
		{B3088E23-4536-4396-8D58-E4A232D95588}.Release|Any CPU.Build.0 = Release|Any CPU
		{0F3600F7-1AC8-4AA9-931C-5CCD6615EE2B}.Debug|Any CPU.ActiveCfg = Debug|Any CPU
		{0F3600F7-1AC8-4AA9-931C-5CCD6615EE2B}.Debug|Any CPU.Build.0 = Debug|Any CPU
		{0F3600F7-1AC8-4AA9-931C-5CCD6615EE2B}.Release|Any CPU.ActiveCfg = Release|Any CPU
		{0F3600F7-1AC8-4AA9-931C-5CCD6615EE2B}.Release|Any CPU.Build.0 = Release|Any CPU
	EndGlobalSection
	GlobalSection(SolutionProperties) = preSolution
		HideSolutionNode = FALSE
	EndGlobalSection
	GlobalSection(NestedProjects) = preSolution
		{47AE135D-7938-4DB9-895C-D7FABFF3373E} = {A4D6D6DF-B971-475F-8787-A8E695EB0E19}
		{F2825848-0DC2-4742-B649-7E9D6B375131} = {A4D6D6DF-B971-475F-8787-A8E695EB0E19}
		{5CF80868-4917-4B30-B8A4-C365403BA234} = {A4D6D6DF-B971-475F-8787-A8E695EB0E19}
		{B3D4B148-6282-408B-86E4-BFAEF37D93A2} = {A4D6D6DF-B971-475F-8787-A8E695EB0E19}
		{2A2CBD4B-A641-46D0-9A38-38956C14FE2F} = {A4D6D6DF-B971-475F-8787-A8E695EB0E19}
		{4694F65A-F1F6-4AE8-BDD2-D6F88ACDA2C8} = {2E4C0EE0-3C48-4AC9-A47D-F9DEA341EC57}
		{537CC2FE-B5AF-4E47-8DE3-BEA25D49E207} = {FD20FF0B-2499-4560-811D-9AD9FEE13353}
		{26E2F1BE-7808-4E58-8C58-B69C5736AA93} = {FD20FF0B-2499-4560-811D-9AD9FEE13353}
		{5295E870-A07E-4F8B-8855-EF3488F24819} = {2E4C0EE0-3C48-4AC9-A47D-F9DEA341EC57}
		{51F864DA-0AE2-4C21-9127-9AEC5E2ECDC6} = {5295E870-A07E-4F8B-8855-EF3488F24819}
		{41F823EC-41EE-4F51-B31E-EC380FE64BC9} = {5295E870-A07E-4F8B-8855-EF3488F24819}
		{93D1614C-2BEA-4316-9F64-1167A3BFEE4C} = {2E4C0EE0-3C48-4AC9-A47D-F9DEA341EC57}
		{6A6BC378-A73E-4E0A-B143-03A03ECA076E} = {93D1614C-2BEA-4316-9F64-1167A3BFEE4C}
		{9856AE6D-E2C4-4B01-8BDF-1784707E42D4} = {93D1614C-2BEA-4316-9F64-1167A3BFEE4C}
		{7000233A-1263-4DF4-AE3D-31644965C4DA} = {2E4C0EE0-3C48-4AC9-A47D-F9DEA341EC57}
		{FE995CE9-91FE-4F86-B219-811F652A14C1} = {7000233A-1263-4DF4-AE3D-31644965C4DA}
		{92612FF5-DA7C-46F9-8312-E691923E6C23} = {7000233A-1263-4DF4-AE3D-31644965C4DA}
		{68BC9864-A4F9-4B9A-B4CC-58EC6D53BFFE} = {2E4C0EE0-3C48-4AC9-A47D-F9DEA341EC57}
		{B3088E23-4536-4396-8D58-E4A232D95588} = {68BC9864-A4F9-4B9A-B4CC-58EC6D53BFFE}
		{0F3600F7-1AC8-4AA9-931C-5CCD6615EE2B} = {68BC9864-A4F9-4B9A-B4CC-58EC6D53BFFE}
	EndGlobalSection
	GlobalSection(ExtensibilityGlobals) = postSolution
		SolutionGuid = {C91C36B9-ED20-40BD-8F95-5D2975403A06}
	EndGlobalSection
EndGlobal
