
Microsoft Visual Studio Solution File, Format Version 12.00
# Visual Studio 15
VisualStudioVersion = 15.0.27004.2009
MinimumVisualStudioVersion = 10.0.40219.1
Project("{2150E333-8FDC-42A3-9474-1A3956D46DE8}") = "src", "src", "{6D45CD23-54D5-49A8-8ED4-85B03A52474A}"
EndProject
Project("{2150E333-8FDC-42A3-9474-1A3956D46DE8}") = "tests", "tests", "{77092489-4F70-4128-99D8-C6CCD45C3BC9}"
EndProject
Project("{FAE04EC0-301F-11D3-BF4B-00C04F79EFBC}") = "Zaabee.MailKit", "src\Zaabee.MailKit\Zaabee.MailKit.csproj", "{3BF75836-98EB-4410-B761-659260542319}"
EndProject
Project("{FAE04EC0-301F-11D3-BF4B-00C04F79EFBC}") = "Zaabee.SmtpClient", "src\Zaabee.SmtpClient\Zaabee.SmtpClient.csproj", "{2B48C61A-DEEF-49ED-9D93-C142CF2D56E6}"
EndProject
Project("{FAE04EC0-301F-11D3-BF4B-00C04F79EFBC}") = "Zaabee.MailKit.TestProject", "tests\Zaabee.MailKit.TestProject\Zaabee.MailKit.TestProject.csproj", "{5F60A317-CD25-4DFB-90A1-E46C647B0FD4}"
EndProject
Project("{FAE04EC0-301F-11D3-BF4B-00C04F79EFBC}") = "Zaabee.SmtpClient.TestProject", "tests\Zaabee.SmtpClient.TestProject\Zaabee.SmtpClient.TestProject.csproj", "{427DC075-E5D5-4BD3-B10C-F8473873A15A}"
EndProject
Project("{2150E333-8FDC-42A3-9474-1A3956D46DE8}") = "demo", "demo", "{66A61203-180D-433C-9F85-4E86B3BCA5A8}"
EndProject
Project("{FAE04EC0-301F-11D3-BF4B-00C04F79EFBC}") = "EmailSystem", "demo\EmailSystem\EmailSystem.csproj", "{AFAAC89B-6F18-4ED2-BB63-3D229BB1CCC7}"
EndProject
Project("{FAE04EC0-301F-11D3-BF4B-00C04F79EFBC}") = "EmailServiceBll", "demo\EmailServiceBll\EmailServiceBll.csproj", "{136AD159-3A2F-46EB-965E-A33C6A3FFF05}"
EndProject
Project("{FAE04EC0-301F-11D3-BF4B-00C04F79EFBC}") = "EmailServiceDal", "demo\EmailServiceDal\EmailServiceDal.csproj", "{C1F748A9-B1DA-48EA-A46B-8D9FA40C0CAB}"
EndProject
Project("{FAE04EC0-301F-11D3-BF4B-00C04F79EFBC}") = "IEmailServiceDal", "demo\IEmailServiceDal\IEmailServiceDal.csproj", "{44129F23-B03D-40E4-81A2-469D062BC1F6}"
EndProject
Project("{FAE04EC0-301F-11D3-BF4B-00C04F79EFBC}") = "EmailServiceModel", "demo\EmailServiceModel\EmailServiceModel.csproj", "{78479C4C-6842-49C7-8EAF-25C62BCEBD58}"
EndProject
Project("{FAE04EC0-301F-11D3-BF4B-00C04F79EFBC}") = "EmailServiceContract", "demo\EmailServiceContract\EmailServiceContract.csproj", "{2FDC2C97-4FF4-4693-B3D2-EA30A27C0831}"
EndProject
Project("{FAE04EC0-301F-11D3-BF4B-00C04F79EFBC}") = "Zaabee.Aws.SimpleEmail", "src\Zaabee.Aws.SimpleEmail\Zaabee.Aws.SimpleEmail.csproj", "{7E58AB99-C708-4695-B8CF-ADE36DFDE667}"
EndProject
Project("{FAE04EC0-301F-11D3-BF4B-00C04F79EFBC}") = "Zaabee.Email.Abstractions", "src\Zaabee.Email.Abstractions\Zaabee.Email.Abstractions.csproj", "{F68D5E50-364B-441C-B7B9-0FA87F738EB3}"
EndProject
Project("{FAE04EC0-301F-11D3-BF4B-00C04F79EFBC}") = "Zaabee.Azure.Email", "src\Zaabee.Azure.Email\Zaabee.Azure.Email.csproj", "{04969CDB-ED41-4B24-B803-85CAEB6635BE}"
EndProject
Global
	GlobalSection(SolutionConfigurationPlatforms) = preSolution
		Debug|Any CPU = Debug|Any CPU
		Release|Any CPU = Release|Any CPU
	EndGlobalSection
	GlobalSection(ProjectConfigurationPlatforms) = postSolution
		{3BF75836-98EB-4410-B761-659260542319}.Debug|Any CPU.ActiveCfg = Debug|Any CPU
		{3BF75836-98EB-4410-B761-659260542319}.Debug|Any CPU.Build.0 = Debug|Any CPU
		{3BF75836-98EB-4410-B761-659260542319}.Release|Any CPU.ActiveCfg = Release|Any CPU
		{3BF75836-98EB-4410-B761-659260542319}.Release|Any CPU.Build.0 = Release|Any CPU
		{2B48C61A-DEEF-49ED-9D93-C142CF2D56E6}.Debug|Any CPU.ActiveCfg = Debug|Any CPU
		{2B48C61A-DEEF-49ED-9D93-C142CF2D56E6}.Debug|Any CPU.Build.0 = Debug|Any CPU
		{2B48C61A-DEEF-49ED-9D93-C142CF2D56E6}.Release|Any CPU.ActiveCfg = Release|Any CPU
		{2B48C61A-DEEF-49ED-9D93-C142CF2D56E6}.Release|Any CPU.Build.0 = Release|Any CPU
		{5F60A317-CD25-4DFB-90A1-E46C647B0FD4}.Debug|Any CPU.ActiveCfg = Debug|Any CPU
		{5F60A317-CD25-4DFB-90A1-E46C647B0FD4}.Debug|Any CPU.Build.0 = Debug|Any CPU
		{5F60A317-CD25-4DFB-90A1-E46C647B0FD4}.Release|Any CPU.ActiveCfg = Release|Any CPU
		{5F60A317-CD25-4DFB-90A1-E46C647B0FD4}.Release|Any CPU.Build.0 = Release|Any CPU
		{427DC075-E5D5-4BD3-B10C-F8473873A15A}.Debug|Any CPU.ActiveCfg = Debug|Any CPU
		{427DC075-E5D5-4BD3-B10C-F8473873A15A}.Debug|Any CPU.Build.0 = Debug|Any CPU
		{427DC075-E5D5-4BD3-B10C-F8473873A15A}.Release|Any CPU.ActiveCfg = Release|Any CPU
		{427DC075-E5D5-4BD3-B10C-F8473873A15A}.Release|Any CPU.Build.0 = Release|Any CPU
		{AFAAC89B-6F18-4ED2-BB63-3D229BB1CCC7}.Debug|Any CPU.ActiveCfg = Debug|Any CPU
		{AFAAC89B-6F18-4ED2-BB63-3D229BB1CCC7}.Debug|Any CPU.Build.0 = Debug|Any CPU
		{AFAAC89B-6F18-4ED2-BB63-3D229BB1CCC7}.Release|Any CPU.ActiveCfg = Release|Any CPU
		{AFAAC89B-6F18-4ED2-BB63-3D229BB1CCC7}.Release|Any CPU.Build.0 = Release|Any CPU
		{136AD159-3A2F-46EB-965E-A33C6A3FFF05}.Debug|Any CPU.ActiveCfg = Debug|Any CPU
		{136AD159-3A2F-46EB-965E-A33C6A3FFF05}.Debug|Any CPU.Build.0 = Debug|Any CPU
		{136AD159-3A2F-46EB-965E-A33C6A3FFF05}.Release|Any CPU.ActiveCfg = Release|Any CPU
		{136AD159-3A2F-46EB-965E-A33C6A3FFF05}.Release|Any CPU.Build.0 = Release|Any CPU
		{C1F748A9-B1DA-48EA-A46B-8D9FA40C0CAB}.Debug|Any CPU.ActiveCfg = Debug|Any CPU
		{C1F748A9-B1DA-48EA-A46B-8D9FA40C0CAB}.Debug|Any CPU.Build.0 = Debug|Any CPU
		{C1F748A9-B1DA-48EA-A46B-8D9FA40C0CAB}.Release|Any CPU.ActiveCfg = Release|Any CPU
		{C1F748A9-B1DA-48EA-A46B-8D9FA40C0CAB}.Release|Any CPU.Build.0 = Release|Any CPU
		{44129F23-B03D-40E4-81A2-469D062BC1F6}.Debug|Any CPU.ActiveCfg = Debug|Any CPU
		{44129F23-B03D-40E4-81A2-469D062BC1F6}.Debug|Any CPU.Build.0 = Debug|Any CPU
		{44129F23-B03D-40E4-81A2-469D062BC1F6}.Release|Any CPU.ActiveCfg = Release|Any CPU
		{44129F23-B03D-40E4-81A2-469D062BC1F6}.Release|Any CPU.Build.0 = Release|Any CPU
		{78479C4C-6842-49C7-8EAF-25C62BCEBD58}.Debug|Any CPU.ActiveCfg = Debug|Any CPU
		{78479C4C-6842-49C7-8EAF-25C62BCEBD58}.Debug|Any CPU.Build.0 = Debug|Any CPU
		{78479C4C-6842-49C7-8EAF-25C62BCEBD58}.Release|Any CPU.ActiveCfg = Release|Any CPU
		{78479C4C-6842-49C7-8EAF-25C62BCEBD58}.Release|Any CPU.Build.0 = Release|Any CPU
		{2FDC2C97-4FF4-4693-B3D2-EA30A27C0831}.Debug|Any CPU.ActiveCfg = Debug|Any CPU
		{2FDC2C97-4FF4-4693-B3D2-EA30A27C0831}.Debug|Any CPU.Build.0 = Debug|Any CPU
		{2FDC2C97-4FF4-4693-B3D2-EA30A27C0831}.Release|Any CPU.ActiveCfg = Release|Any CPU
		{2FDC2C97-4FF4-4693-B3D2-EA30A27C0831}.Release|Any CPU.Build.0 = Release|Any CPU
		{7E58AB99-C708-4695-B8CF-ADE36DFDE667}.Debug|Any CPU.ActiveCfg = Debug|Any CPU
		{7E58AB99-C708-4695-B8CF-ADE36DFDE667}.Debug|Any CPU.Build.0 = Debug|Any CPU
		{7E58AB99-C708-4695-B8CF-ADE36DFDE667}.Release|Any CPU.ActiveCfg = Release|Any CPU
		{7E58AB99-C708-4695-B8CF-ADE36DFDE667}.Release|Any CPU.Build.0 = Release|Any CPU
		{F68D5E50-364B-441C-B7B9-0FA87F738EB3}.Debug|Any CPU.ActiveCfg = Debug|Any CPU
		{F68D5E50-364B-441C-B7B9-0FA87F738EB3}.Debug|Any CPU.Build.0 = Debug|Any CPU
		{F68D5E50-364B-441C-B7B9-0FA87F738EB3}.Release|Any CPU.ActiveCfg = Release|Any CPU
		{F68D5E50-364B-441C-B7B9-0FA87F738EB3}.Release|Any CPU.Build.0 = Release|Any CPU
		{04969CDB-ED41-4B24-B803-85CAEB6635BE}.Debug|Any CPU.ActiveCfg = Debug|Any CPU
		{04969CDB-ED41-4B24-B803-85CAEB6635BE}.Debug|Any CPU.Build.0 = Debug|Any CPU
		{04969CDB-ED41-4B24-B803-85CAEB6635BE}.Release|Any CPU.ActiveCfg = Release|Any CPU
		{04969CDB-ED41-4B24-B803-85CAEB6635BE}.Release|Any CPU.Build.0 = Release|Any CPU
	EndGlobalSection
	GlobalSection(SolutionProperties) = preSolution
		HideSolutionNode = FALSE
	EndGlobalSection
	GlobalSection(ExtensibilityGlobals) = postSolution
		SolutionGuid = {96CEF625-B839-4F94-877B-1E8C02535EBC}
	EndGlobalSection
	GlobalSection(NestedProjects) = preSolution
		{3BF75836-98EB-4410-B761-659260542319} = {6D45CD23-54D5-49A8-8ED4-85B03A52474A}
		{2B48C61A-DEEF-49ED-9D93-C142CF2D56E6} = {6D45CD23-54D5-49A8-8ED4-85B03A52474A}
		{5F60A317-CD25-4DFB-90A1-E46C647B0FD4} = {77092489-4F70-4128-99D8-C6CCD45C3BC9}
		{427DC075-E5D5-4BD3-B10C-F8473873A15A} = {77092489-4F70-4128-99D8-C6CCD45C3BC9}
		{AFAAC89B-6F18-4ED2-BB63-3D229BB1CCC7} = {66A61203-180D-433C-9F85-4E86B3BCA5A8}
		{136AD159-3A2F-46EB-965E-A33C6A3FFF05} = {66A61203-180D-433C-9F85-4E86B3BCA5A8}
		{C1F748A9-B1DA-48EA-A46B-8D9FA40C0CAB} = {66A61203-180D-433C-9F85-4E86B3BCA5A8}
		{44129F23-B03D-40E4-81A2-469D062BC1F6} = {66A61203-180D-433C-9F85-4E86B3BCA5A8}
		{78479C4C-6842-49C7-8EAF-25C62BCEBD58} = {66A61203-180D-433C-9F85-4E86B3BCA5A8}
		{2FDC2C97-4FF4-4693-B3D2-EA30A27C0831} = {66A61203-180D-433C-9F85-4E86B3BCA5A8}
		{7E58AB99-C708-4695-B8CF-ADE36DFDE667} = {6D45CD23-54D5-49A8-8ED4-85B03A52474A}
		{F68D5E50-364B-441C-B7B9-0FA87F738EB3} = {6D45CD23-54D5-49A8-8ED4-85B03A52474A}
		{04969CDB-ED41-4B24-B803-85CAEB6635BE} = {6D45CD23-54D5-49A8-8ED4-85B03A52474A}
	EndGlobalSection
EndGlobal
