
Microsoft Visual Studio Solution File, Format Version 12.00
# Visual Studio 15
VisualStudioVersion = 15.0.27004.2009
MinimumVisualStudioVersion = 10.0.40219.1
Project("{2150E333-8FDC-42A3-9474-1A3956D46DE8}") = "src", "src", "{6D45CD23-54D5-49A8-8ED4-85B03A52474A}"
EndProject
Project("{2150E333-8FDC-42A3-9474-1A3956D46DE8}") = "tests", "tests", "{77092489-4F70-4128-99D8-C6CCD45C3BC9}"
EndProject
Project("{FAE04EC0-301F-11D3-BF4B-00C04F79EFBC}") = "Zaabee.MailKit", "src\Zaabee.MailKit\Zaabee.MailKit.csproj", "{3BF75836-98EB-4410-B761-659260542319}"
EndProject
Project("{FAE04EC0-301F-11D3-BF4B-00C04F79EFBC}") = "Zaabee.SmtpClient", "src\Zaabee.SmtpClient\Zaabee.SmtpClient.csproj", "{2B48C61A-DEEF-49ED-9D93-C142CF2D56E6}"
EndProject
Project("{FAE04EC0-301F-11D3-BF4B-00C04F79EFBC}") = "Zaabee.MailKit.TestProject", "tests\Zaabee.MailKit.TestProject\Zaabee.MailKit.TestProject.csproj", "{5F60A317-CD25-4DFB-90A1-E46C647B0FD4}"
EndProject
Project("{FAE04EC0-301F-11D3-BF4B-00C04F79EFBC}") = "Zaabee.SmtpClient.TestProject", "tests\Zaabee.SmtpClient.TestProject\Zaabee.SmtpClient.TestProject.csproj", "{427DC075-E5D5-4BD3-B10C-F8473873A15A}"
EndProject
Global
	GlobalSection(SolutionConfigurationPlatforms) = preSolution
		Debug|Any CPU = Debug|Any CPU
		Release|Any CPU = Release|Any CPU
	EndGlobalSection
	GlobalSection(ProjectConfigurationPlatforms) = postSolution
		{3BF75836-98EB-4410-B761-659260542319}.Debug|Any CPU.ActiveCfg = Debug|Any CPU
		{3BF75836-98EB-4410-B761-659260542319}.Debug|Any CPU.Build.0 = Debug|Any CPU
		{3BF75836-98EB-4410-B761-659260542319}.Release|Any CPU.ActiveCfg = Release|Any CPU
		{3BF75836-98EB-4410-B761-659260542319}.Release|Any CPU.Build.0 = Release|Any CPU
		{2B48C61A-DEEF-49ED-9D93-C142CF2D56E6}.Debug|Any CPU.ActiveCfg = Debug|Any CPU
		{2B48C61A-DEEF-49ED-9D93-C142CF2D56E6}.Debug|Any CPU.Build.0 = Debug|Any CPU
		{2B48C61A-DEEF-49ED-9D93-C142CF2D56E6}.Release|Any CPU.ActiveCfg = Release|Any CPU
		{2B48C61A-DEEF-49ED-9D93-C142CF2D56E6}.Release|Any CPU.Build.0 = Release|Any CPU
		{5F60A317-CD25-4DFB-90A1-E46C647B0FD4}.Debug|Any CPU.ActiveCfg = Debug|Any CPU
		{5F60A317-CD25-4DFB-90A1-E46C647B0FD4}.Debug|Any CPU.Build.0 = Debug|Any CPU
		{5F60A317-CD25-4DFB-90A1-E46C647B0FD4}.Release|Any CPU.ActiveCfg = Release|Any CPU
		{5F60A317-CD25-4DFB-90A1-E46C647B0FD4}.Release|Any CPU.Build.0 = Release|Any CPU
		{427DC075-E5D5-4BD3-B10C-F8473873A15A}.Debug|Any CPU.ActiveCfg = Debug|Any CPU
		{427DC075-E5D5-4BD3-B10C-F8473873A15A}.Debug|Any CPU.Build.0 = Debug|Any CPU
		{427DC075-E5D5-4BD3-B10C-F8473873A15A}.Release|Any CPU.ActiveCfg = Release|Any CPU
		{427DC075-E5D5-4BD3-B10C-F8473873A15A}.Release|Any CPU.Build.0 = Release|Any CPU
	EndGlobalSection
	GlobalSection(SolutionProperties) = preSolution
		HideSolutionNode = FALSE
	EndGlobalSection
	GlobalSection(ExtensibilityGlobals) = postSolution
		SolutionGuid = {96CEF625-B839-4F94-877B-1E8C02535EBC}
	EndGlobalSection
	GlobalSection(NestedProjects) = preSolution
		{3BF75836-98EB-4410-B761-659260542319} = {6D45CD23-54D5-49A8-8ED4-85B03A52474A}
		{2B48C61A-DEEF-49ED-9D93-C142CF2D56E6} = {6D45CD23-54D5-49A8-8ED4-85B03A52474A}
		{5F60A317-CD25-4DFB-90A1-E46C647B0FD4} = {77092489-4F70-4128-99D8-C6CCD45C3BC9}
		{427DC075-E5D5-4BD3-B10C-F8473873A15A} = {77092489-4F70-4128-99D8-C6CCD45C3BC9}
	EndGlobalSection
EndGlobal
